// !$*UTF8*$!
{
	archiveVersion = 1;
	classes = {
	};
	objectVersion = 55;
	objects = {

/* Begin PBXBuildFile section */
		B8486D1B28B121CA00A5E344 /* CreateNewsDetailConfigurator.swift in Sources */ = {isa = PBXBuildFile; fileRef = B8486D1A28B121CA00A5E344 /* CreateNewsDetailConfigurator.swift */; };
		B8486D1D28B12EDD00A5E344 /* NewsDetailDatastore.swift in Sources */ = {isa = PBXBuildFile; fileRef = B8486D1C28B12EDD00A5E344 /* NewsDetailDatastore.swift */; };
		B8486D2228B2C0AC00A5E344 /* NewsCell.swift in Sources */ = {isa = PBXBuildFile; fileRef = B8486D2128B2C0AC00A5E344 /* NewsCell.swift */; };
		B8486D6828B4F96800A5E344 /* NewDetailCell.swift in Sources */ = {isa = PBXBuildFile; fileRef = B8486D6728B4F96800A5E344 /* NewDetailCell.swift */; };
		B869A81628AD69C50061B54C /* NewsDetailInteractor.swift in Sources */ = {isa = PBXBuildFile; fileRef = B869A81528AD69C50061B54C /* NewsDetailInteractor.swift */; };
		B869A81828AD6AF10061B54C /* NewsDetailPresenter.swift in Sources */ = {isa = PBXBuildFile; fileRef = B869A81728AD6AF10061B54C /* NewsDetailPresenter.swift */; };
		B869A81A28AD6F850061B54C /* NewsDetailRouter.swift in Sources */ = {isa = PBXBuildFile; fileRef = B869A81928AD6F850061B54C /* NewsDetailRouter.swift */; };
		B869A81C28AD71180061B54C /* NewsDetailModel.swift in Sources */ = {isa = PBXBuildFile; fileRef = B869A81B28AD71180061B54C /* NewsDetailModel.swift */; };
		B8BC993628ACEA170019F9F3 /* NewsDetailView.swift in Sources */ = {isa = PBXBuildFile; fileRef = B8BC993528ACEA170019F9F3 /* NewsDetailView.swift */; };
		B8C4EB3528A78240007AC731 /* ThNewsApp.swift in Sources */ = {isa = PBXBuildFile; fileRef = B8C4EB3428A78240007AC731 /* ThNewsApp.swift */; };
		B8C4EB3728A78240007AC731 /* ContentView.swift in Sources */ = {isa = PBXBuildFile; fileRef = B8C4EB3628A78240007AC731 /* ContentView.swift */; };
		B8C4EB3928A78241007AC731 /* Assets.xcassets in Resources */ = {isa = PBXBuildFile; fileRef = B8C4EB3828A78241007AC731 /* Assets.xcassets */; };
		B8C4EB3C28A78241007AC731 /* Preview Assets.xcassets in Resources */ = {isa = PBXBuildFile; fileRef = B8C4EB3B28A78241007AC731 /* Preview Assets.xcassets */; };
		B8C4EB4628A78241007AC731 /* ThNewsTests.swift in Sources */ = {isa = PBXBuildFile; fileRef = B8C4EB4528A78241007AC731 /* ThNewsTests.swift */; };
		B8C4EB5028A78241007AC731 /* ThNewsUITests.swift in Sources */ = {isa = PBXBuildFile; fileRef = B8C4EB4F28A78241007AC731 /* ThNewsUITests.swift */; };
		B8C4EB5228A78241007AC731 /* ThNewsUITestsLaunchTests.swift in Sources */ = {isa = PBXBuildFile; fileRef = B8C4EB5128A78241007AC731 /* ThNewsUITestsLaunchTests.swift */; };
		B8C4EB6728A782AB007AC731 /* NewsPresenter.swift in Sources */ = {isa = PBXBuildFile; fileRef = B8C4EB6028A782AB007AC731 /* NewsPresenter.swift */; };
		B8C4EB6828A782AB007AC731 /* NewsInteractor.swift in Sources */ = {isa = PBXBuildFile; fileRef = B8C4EB6128A782AB007AC731 /* NewsInteractor.swift */; };
		B8C4EB6928A782AB007AC731 /* NewsModels.swift in Sources */ = {isa = PBXBuildFile; fileRef = B8C4EB6228A782AB007AC731 /* NewsModels.swift */; };
		B8C4EB6A28A782AB007AC731 /* NewsWorker.swift in Sources */ = {isa = PBXBuildFile; fileRef = B8C4EB6328A782AB007AC731 /* NewsWorker.swift */; };
		B8C4EB6B28A782AB007AC731 /* NewsRouter.swift in Sources */ = {isa = PBXBuildFile; fileRef = B8C4EB6428A782AB007AC731 /* NewsRouter.swift */; };
		B8C4EB6E28A78328007AC731 /* Extension.swift in Sources */ = {isa = PBXBuildFile; fileRef = B8C4EB6D28A78328007AC731 /* Extension.swift */; };
		B8C4EB7128A78391007AC731 /* Alamofire in Frameworks */ = {isa = PBXBuildFile; productRef = B8C4EB7028A78391007AC731 /* Alamofire */; };
		B8C4EB7428A783CE007AC731 /* NewsModel.swift in Sources */ = {isa = PBXBuildFile; fileRef = B8C4EB7328A783CE007AC731 /* NewsModel.swift */; };
		B8C4EB7628A783F3007AC731 /* NewsRequestModel.swift in Sources */ = {isa = PBXBuildFile; fileRef = B8C4EB7528A783F3007AC731 /* NewsRequestModel.swift */; };
		B8C4EB7828A7840E007AC731 /* Request.swift in Sources */ = {isa = PBXBuildFile; fileRef = B8C4EB7728A7840E007AC731 /* Request.swift */; };
		B8C4EB7B28A78732007AC731 /* CreateNewsConfigurator.swift in Sources */ = {isa = PBXBuildFile; fileRef = B8C4EB7A28A78732007AC731 /* CreateNewsConfigurator.swift */; };
		B8C4EB7D28A78850007AC731 /* NewsView.swift in Sources */ = {isa = PBXBuildFile; fileRef = B8C4EB7C28A78850007AC731 /* NewsView.swift */; };
		B8C4EB7F28A7932D007AC731 /* NewDataStore.swift in Sources */ = {isa = PBXBuildFile; fileRef = B8C4EB7E28A7932D007AC731 /* NewDataStore.swift */; };
		B8C4EB8228A7DED4007AC731 /* SDWebImageSwiftUI in Frameworks */ = {isa = PBXBuildFile; productRef = B8C4EB8128A7DED4007AC731 /* SDWebImageSwiftUI */; };
/* End PBXBuildFile section */

/* Begin PBXContainerItemProxy section */
		B8C4EB4228A78241007AC731 /* PBXContainerItemProxy */ = {
			isa = PBXContainerItemProxy;
			containerPortal = B8C4EB2928A78240007AC731 /* Project object */;
			proxyType = 1;
			remoteGlobalIDString = B8C4EB3028A78240007AC731;
			remoteInfo = ThNews;
		};
		B8C4EB4C28A78241007AC731 /* PBXContainerItemProxy */ = {
			isa = PBXContainerItemProxy;
			containerPortal = B8C4EB2928A78240007AC731 /* Project object */;
			proxyType = 1;
			remoteGlobalIDString = B8C4EB3028A78240007AC731;
			remoteInfo = ThNews;
		};
/* End PBXContainerItemProxy section */

/* Begin PBXFileReference section */
		B8486D1A28B121CA00A5E344 /* CreateNewsDetailConfigurator.swift */ = {isa = PBXFileReference; lastKnownFileType = sourcecode.swift; path = CreateNewsDetailConfigurator.swift; sourceTree = "<group>"; };
		B8486D1C28B12EDD00A5E344 /* NewsDetailDatastore.swift */ = {isa = PBXFileReference; lastKnownFileType = sourcecode.swift; path = NewsDetailDatastore.swift; sourceTree = "<group>"; };
		B8486D2128B2C0AC00A5E344 /* NewsCell.swift */ = {isa = PBXFileReference; lastKnownFileType = sourcecode.swift; path = NewsCell.swift; sourceTree = "<group>"; };
		B8486D6728B4F96800A5E344 /* NewDetailCell.swift */ = {isa = PBXFileReference; lastKnownFileType = sourcecode.swift; path = NewDetailCell.swift; sourceTree = "<group>"; };
		B869A81528AD69C50061B54C /* NewsDetailInteractor.swift */ = {isa = PBXFileReference; lastKnownFileType = sourcecode.swift; path = NewsDetailInteractor.swift; sourceTree = "<group>"; };
		B869A81728AD6AF10061B54C /* NewsDetailPresenter.swift */ = {isa = PBXFileReference; lastKnownFileType = sourcecode.swift; path = NewsDetailPresenter.swift; sourceTree = "<group>"; };
		B869A81928AD6F850061B54C /* NewsDetailRouter.swift */ = {isa = PBXFileReference; lastKnownFileType = sourcecode.swift; path = NewsDetailRouter.swift; sourceTree = "<group>"; };
		B869A81B28AD71180061B54C /* NewsDetailModel.swift */ = {isa = PBXFileReference; lastKnownFileType = sourcecode.swift; path = NewsDetailModel.swift; sourceTree = "<group>"; };
		B8BC993528ACEA170019F9F3 /* NewsDetailView.swift */ = {isa = PBXFileReference; lastKnownFileType = sourcecode.swift; path = NewsDetailView.swift; sourceTree = "<group>"; };
		B8C4EB3128A78240007AC731 /* ThNews.app */ = {isa = PBXFileReference; explicitFileType = wrapper.application; includeInIndex = 0; path = ThNews.app; sourceTree = BUILT_PRODUCTS_DIR; };
		B8C4EB3428A78240007AC731 /* ThNewsApp.swift */ = {isa = PBXFileReference; lastKnownFileType = sourcecode.swift; path = ThNewsApp.swift; sourceTree = "<group>"; };
		B8C4EB3628A78240007AC731 /* ContentView.swift */ = {isa = PBXFileReference; lastKnownFileType = sourcecode.swift; path = ContentView.swift; sourceTree = "<group>"; };
		B8C4EB3828A78241007AC731 /* Assets.xcassets */ = {isa = PBXFileReference; lastKnownFileType = folder.assetcatalog; path = Assets.xcassets; sourceTree = "<group>"; };
		B8C4EB3B28A78241007AC731 /* Preview Assets.xcassets */ = {isa = PBXFileReference; lastKnownFileType = folder.assetcatalog; path = "Preview Assets.xcassets"; sourceTree = "<group>"; };
		B8C4EB4128A78241007AC731 /* ThNewsTests.xctest */ = {isa = PBXFileReference; explicitFileType = wrapper.cfbundle; includeInIndex = 0; path = ThNewsTests.xctest; sourceTree = BUILT_PRODUCTS_DIR; };
		B8C4EB4528A78241007AC731 /* ThNewsTests.swift */ = {isa = PBXFileReference; lastKnownFileType = sourcecode.swift; path = ThNewsTests.swift; sourceTree = "<group>"; };
		B8C4EB4B28A78241007AC731 /* ThNewsUITests.xctest */ = {isa = PBXFileReference; explicitFileType = wrapper.cfbundle; includeInIndex = 0; path = ThNewsUITests.xctest; sourceTree = BUILT_PRODUCTS_DIR; };
		B8C4EB4F28A78241007AC731 /* ThNewsUITests.swift */ = {isa = PBXFileReference; lastKnownFileType = sourcecode.swift; path = ThNewsUITests.swift; sourceTree = "<group>"; };
		B8C4EB5128A78241007AC731 /* ThNewsUITestsLaunchTests.swift */ = {isa = PBXFileReference; lastKnownFileType = sourcecode.swift; path = ThNewsUITestsLaunchTests.swift; sourceTree = "<group>"; };
		B8C4EB6028A782AB007AC731 /* NewsPresenter.swift */ = {isa = PBXFileReference; lastKnownFileType = sourcecode.swift; path = NewsPresenter.swift; sourceTree = "<group>"; };
		B8C4EB6128A782AB007AC731 /* NewsInteractor.swift */ = {isa = PBXFileReference; lastKnownFileType = sourcecode.swift; path = NewsInteractor.swift; sourceTree = "<group>"; };
		B8C4EB6228A782AB007AC731 /* NewsModels.swift */ = {isa = PBXFileReference; lastKnownFileType = sourcecode.swift; path = NewsModels.swift; sourceTree = "<group>"; };
		B8C4EB6328A782AB007AC731 /* NewsWorker.swift */ = {isa = PBXFileReference; lastKnownFileType = sourcecode.swift; path = NewsWorker.swift; sourceTree = "<group>"; };
		B8C4EB6428A782AB007AC731 /* NewsRouter.swift */ = {isa = PBXFileReference; lastKnownFileType = sourcecode.swift; path = NewsRouter.swift; sourceTree = "<group>"; };
		B8C4EB6D28A78328007AC731 /* Extension.swift */ = {isa = PBXFileReference; lastKnownFileType = sourcecode.swift; path = Extension.swift; sourceTree = "<group>"; };
		B8C4EB7328A783CE007AC731 /* NewsModel.swift */ = {isa = PBXFileReference; lastKnownFileType = sourcecode.swift; path = NewsModel.swift; sourceTree = "<group>"; };
		B8C4EB7528A783F3007AC731 /* NewsRequestModel.swift */ = {isa = PBXFileReference; lastKnownFileType = sourcecode.swift; path = NewsRequestModel.swift; sourceTree = "<group>"; };
		B8C4EB7728A7840E007AC731 /* Request.swift */ = {isa = PBXFileReference; lastKnownFileType = sourcecode.swift; path = Request.swift; sourceTree = "<group>"; };
		B8C4EB7A28A78732007AC731 /* CreateNewsConfigurator.swift */ = {isa = PBXFileReference; lastKnownFileType = sourcecode.swift; path = CreateNewsConfigurator.swift; sourceTree = "<group>"; };
		B8C4EB7C28A78850007AC731 /* NewsView.swift */ = {isa = PBXFileReference; lastKnownFileType = sourcecode.swift; path = NewsView.swift; sourceTree = "<group>"; };
		B8C4EB7E28A7932D007AC731 /* NewDataStore.swift */ = {isa = PBXFileReference; lastKnownFileType = sourcecode.swift; path = NewDataStore.swift; sourceTree = "<group>"; };
/* End PBXFileReference section */

/* Begin PBXFrameworksBuildPhase section */
		B8C4EB2E28A78240007AC731 /* Frameworks */ = {
			isa = PBXFrameworksBuildPhase;
			buildActionMask = 2147483647;
			files = (
				B8C4EB8228A7DED4007AC731 /* SDWebImageSwiftUI in Frameworks */,
				B8C4EB7128A78391007AC731 /* Alamofire in Frameworks */,
			);
			runOnlyForDeploymentPostprocessing = 0;
		};
		B8C4EB3E28A78241007AC731 /* Frameworks */ = {
			isa = PBXFrameworksBuildPhase;
			buildActionMask = 2147483647;
			files = (
			);
			runOnlyForDeploymentPostprocessing = 0;
		};
		B8C4EB4828A78241007AC731 /* Frameworks */ = {
			isa = PBXFrameworksBuildPhase;
			buildActionMask = 2147483647;
			files = (
			);
			runOnlyForDeploymentPostprocessing = 0;
		};
/* End PBXFrameworksBuildPhase section */

/* Begin PBXGroup section */
		B8BC993228ACE7C30019F9F3 /* NewsDetail */ = {
			isa = PBXGroup;
			children = (
				B8486D1A28B121CA00A5E344 /* CreateNewsDetailConfigurator.swift */,
				B8BC993528ACEA170019F9F3 /* NewsDetailView.swift */,
				B869A81528AD69C50061B54C /* NewsDetailInteractor.swift */,
				B869A81728AD6AF10061B54C /* NewsDetailPresenter.swift */,
				B869A81928AD6F850061B54C /* NewsDetailRouter.swift */,
				B869A81B28AD71180061B54C /* NewsDetailModel.swift */,
				B8486D1C28B12EDD00A5E344 /* NewsDetailDatastore.swift */,
				B8486D6728B4F96800A5E344 /* NewDetailCell.swift */,
			);
			path = NewsDetail;
			sourceTree = "<group>";
		};
		B8C4EB2828A78240007AC731 = {
			isa = PBXGroup;
			children = (
				B8C4EB3328A78240007AC731 /* ThNews */,
				B8C4EB4428A78241007AC731 /* ThNewsTests */,
				B8C4EB4E28A78241007AC731 /* ThNewsUITests */,
				B8C4EB3A28A78241007AC731 /* Preview Content */,
				B8C4EB3228A78240007AC731 /* Products */,
			);
			sourceTree = "<group>";
		};
		B8C4EB3228A78240007AC731 /* Products */ = {
			isa = PBXGroup;
			children = (
				B8C4EB3128A78240007AC731 /* ThNews.app */,
				B8C4EB4128A78241007AC731 /* ThNewsTests.xctest */,
				B8C4EB4B28A78241007AC731 /* ThNewsUITests.xctest */,
			);
			name = Products;
			sourceTree = "<group>";
		};
		B8C4EB3328A78240007AC731 /* ThNews */ = {
			isa = PBXGroup;
			children = (
				B8C4EB6C28A78306007AC731 /* Extension */,
				B8C4EB7228A7839B007AC731 /* Networking */,
				B8C4EB3628A78240007AC731 /* ContentView.swift */,
				B8C4EB3428A78240007AC731 /* ThNewsApp.swift */,
				B8C4EB7928A78701007AC731 /* News */,
				B8BC993228ACE7C30019F9F3 /* NewsDetail */,
			);
			path = ThNews;
			sourceTree = "<group>";
		};
		B8C4EB3A28A78241007AC731 /* Preview Content */ = {
			isa = PBXGroup;
			children = (
				B8C4EB3B28A78241007AC731 /* Preview Assets.xcassets */,
				B8C4EB3828A78241007AC731 /* Assets.xcassets */,
			);
			path = "Preview Content";
			sourceTree = "<group>";
		};
		B8C4EB4428A78241007AC731 /* ThNewsTests */ = {
			isa = PBXGroup;
			children = (
				B8C4EB4528A78241007AC731 /* ThNewsTests.swift */,
			);
			path = ThNewsTests;
			sourceTree = "<group>";
		};
		B8C4EB4E28A78241007AC731 /* ThNewsUITests */ = {
			isa = PBXGroup;
			children = (
				B8C4EB4F28A78241007AC731 /* ThNewsUITests.swift */,
				B8C4EB5128A78241007AC731 /* ThNewsUITestsLaunchTests.swift */,
			);
			path = ThNewsUITests;
			sourceTree = "<group>";
		};
		B8C4EB6C28A78306007AC731 /* Extension */ = {
			isa = PBXGroup;
			children = (
				B8C4EB6D28A78328007AC731 /* Extension.swift */,
			);
			path = Extension;
			sourceTree = "<group>";
		};
		B8C4EB7228A7839B007AC731 /* Networking */ = {
			isa = PBXGroup;
			children = (
				B8C4EB7328A783CE007AC731 /* NewsModel.swift */,
				B8C4EB7528A783F3007AC731 /* NewsRequestModel.swift */,
				B8C4EB7728A7840E007AC731 /* Request.swift */,
			);
			path = Networking;
			sourceTree = "<group>";
		};
		B8C4EB7928A78701007AC731 /* News */ = {
			isa = PBXGroup;
			children = (
				B8C4EB7A28A78732007AC731 /* CreateNewsConfigurator.swift */,
				B8C4EB6028A782AB007AC731 /* NewsPresenter.swift */,
				B8C4EB6128A782AB007AC731 /* NewsInteractor.swift */,
				B8C4EB6228A782AB007AC731 /* NewsModels.swift */,
				B8C4EB6328A782AB007AC731 /* NewsWorker.swift */,
				B8C4EB6428A782AB007AC731 /* NewsRouter.swift */,
				B8C4EB7C28A78850007AC731 /* NewsView.swift */,
				B8C4EB7E28A7932D007AC731 /* NewDataStore.swift */,
				B8486D2128B2C0AC00A5E344 /* NewsCell.swift */,
			);
			path = News;
			sourceTree = "<group>";
		};
/* End PBXGroup section */

/* Begin PBXNativeTarget section */
		B8C4EB3028A78240007AC731 /* ThNews */ = {
			isa = PBXNativeTarget;
			buildConfigurationList = B8C4EB5528A78241007AC731 /* Build configuration list for PBXNativeTarget "ThNews" */;
			buildPhases = (
				B8C4EB2D28A78240007AC731 /* Sources */,
				B8C4EB2E28A78240007AC731 /* Frameworks */,
				B8C4EB2F28A78240007AC731 /* Resources */,
			);
			buildRules = (
			);
			dependencies = (
			);
			name = ThNews;
			packageProductDependencies = (
				B8C4EB7028A78391007AC731 /* Alamofire */,
				B8C4EB8128A7DED4007AC731 /* SDWebImageSwiftUI */,
			);
			productName = ThNews;
			productReference = B8C4EB3128A78240007AC731 /* ThNews.app */;
			productType = "com.apple.product-type.application";
		};
		B8C4EB4028A78241007AC731 /* ThNewsTests */ = {
			isa = PBXNativeTarget;
			buildConfigurationList = B8C4EB5828A78241007AC731 /* Build configuration list for PBXNativeTarget "ThNewsTests" */;
			buildPhases = (
				B8C4EB3D28A78241007AC731 /* Sources */,
				B8C4EB3E28A78241007AC731 /* Frameworks */,
				B8C4EB3F28A78241007AC731 /* Resources */,
			);
			buildRules = (
			);
			dependencies = (
				B8C4EB4328A78241007AC731 /* PBXTargetDependency */,
			);
			name = ThNewsTests;
			productName = ThNewsTests;
			productReference = B8C4EB4128A78241007AC731 /* ThNewsTests.xctest */;
			productType = "com.apple.product-type.bundle.unit-test";
		};
		B8C4EB4A28A78241007AC731 /* ThNewsUITests */ = {
			isa = PBXNativeTarget;
			buildConfigurationList = B8C4EB5B28A78241007AC731 /* Build configuration list for PBXNativeTarget "ThNewsUITests" */;
			buildPhases = (
				B8C4EB4728A78241007AC731 /* Sources */,
				B8C4EB4828A78241007AC731 /* Frameworks */,
				B8C4EB4928A78241007AC731 /* Resources */,
			);
			buildRules = (
			);
			dependencies = (
				B8C4EB4D28A78241007AC731 /* PBXTargetDependency */,
			);
			name = ThNewsUITests;
			productName = ThNewsUITests;
			productReference = B8C4EB4B28A78241007AC731 /* ThNewsUITests.xctest */;
			productType = "com.apple.product-type.bundle.ui-testing";
		};
/* End PBXNativeTarget section */

/* Begin PBXProject section */
		B8C4EB2928A78240007AC731 /* Project object */ = {
			isa = PBXProject;
			attributes = {
				BuildIndependentTargetsInParallel = 1;
				LastSwiftUpdateCheck = 1340;
				LastUpgradeCheck = 1340;
				TargetAttributes = {
					B8C4EB3028A78240007AC731 = {
						CreatedOnToolsVersion = 13.4.1;
					};
					B8C4EB4028A78241007AC731 = {
						CreatedOnToolsVersion = 13.4.1;
						TestTargetID = B8C4EB3028A78240007AC731;
					};
					B8C4EB4A28A78241007AC731 = {
						CreatedOnToolsVersion = 13.4.1;
						TestTargetID = B8C4EB3028A78240007AC731;
					};
				};
			};
			buildConfigurationList = B8C4EB2C28A78240007AC731 /* Build configuration list for PBXProject "ThNews" */;
			compatibilityVersion = "Xcode 13.0";
			developmentRegion = en;
			hasScannedForEncodings = 0;
			knownRegions = (
				en,
				Base,
			);
			mainGroup = B8C4EB2828A78240007AC731;
			packageReferences = (
				B8C4EB6F28A78391007AC731 /* XCRemoteSwiftPackageReference "Alamofire" */,
				B8C4EB8028A7DED4007AC731 /* XCRemoteSwiftPackageReference "SDWebImageSwiftUI" */,
			);
			productRefGroup = B8C4EB3228A78240007AC731 /* Products */;
			projectDirPath = "";
			projectRoot = "";
			targets = (
				B8C4EB3028A78240007AC731 /* ThNews */,
				B8C4EB4028A78241007AC731 /* ThNewsTests */,
				B8C4EB4A28A78241007AC731 /* ThNewsUITests */,
			);
		};
/* End PBXProject section */

/* Begin PBXResourcesBuildPhase section */
		B8C4EB2F28A78240007AC731 /* Resources */ = {
			isa = PBXResourcesBuildPhase;
			buildActionMask = 2147483647;
			files = (
				B8C4EB3C28A78241007AC731 /* Preview Assets.xcassets in Resources */,
				B8C4EB3928A78241007AC731 /* Assets.xcassets in Resources */,
			);
			runOnlyForDeploymentPostprocessing = 0;
		};
		B8C4EB3F28A78241007AC731 /* Resources */ = {
			isa = PBXResourcesBuildPhase;
			buildActionMask = 2147483647;
			files = (
			);
			runOnlyForDeploymentPostprocessing = 0;
		};
		B8C4EB4928A78241007AC731 /* Resources */ = {
			isa = PBXResourcesBuildPhase;
			buildActionMask = 2147483647;
			files = (
			);
			runOnlyForDeploymentPostprocessing = 0;
		};
/* End PBXResourcesBuildPhase section */

/* Begin PBXSourcesBuildPhase section */
		B8C4EB2D28A78240007AC731 /* Sources */ = {
			isa = PBXSourcesBuildPhase;
			buildActionMask = 2147483647;
			files = (
				B8C4EB6E28A78328007AC731 /* Extension.swift in Sources */,
				B869A81828AD6AF10061B54C /* NewsDetailPresenter.swift in Sources */,
				B8BC993628ACEA170019F9F3 /* NewsDetailView.swift in Sources */,
				B8486D6828B4F96800A5E344 /* NewDetailCell.swift in Sources */,
				B8C4EB7828A7840E007AC731 /* Request.swift in Sources */,
				B8C4EB7B28A78732007AC731 /* CreateNewsConfigurator.swift in Sources */,
				B8C4EB6B28A782AB007AC731 /* NewsRouter.swift in Sources */,
				B8C4EB3728A78240007AC731 /* ContentView.swift in Sources */,
				B8C4EB7428A783CE007AC731 /* NewsModel.swift in Sources */,
				B8486D1B28B121CA00A5E344 /* CreateNewsDetailConfigurator.swift in Sources */,
				B8C4EB7628A783F3007AC731 /* NewsRequestModel.swift in Sources */,
				B869A81628AD69C50061B54C /* NewsDetailInteractor.swift in Sources */,
				B8C4EB7D28A78850007AC731 /* NewsView.swift in Sources */,
				B8C4EB3528A78240007AC731 /* ThNewsApp.swift in Sources */,
				B8C4EB6828A782AB007AC731 /* NewsInteractor.swift in Sources */,
				B869A81A28AD6F850061B54C /* NewsDetailRouter.swift in Sources */,
				B869A81C28AD71180061B54C /* NewsDetailModel.swift in Sources */,
				B8486D1D28B12EDD00A5E344 /* NewsDetailDatastore.swift in Sources */,
				B8C4EB6928A782AB007AC731 /* NewsModels.swift in Sources */,
				B8C4EB6728A782AB007AC731 /* NewsPresenter.swift in Sources */,
				B8C4EB7F28A7932D007AC731 /* NewDataStore.swift in Sources */,
				B8486D2228B2C0AC00A5E344 /* NewsCell.swift in Sources */,
				B8C4EB6A28A782AB007AC731 /* NewsWorker.swift in Sources */,
			);
			runOnlyForDeploymentPostprocessing = 0;
		};
		B8C4EB3D28A78241007AC731 /* Sources */ = {
			isa = PBXSourcesBuildPhase;
			buildActionMask = 2147483647;
			files = (
				B8C4EB4628A78241007AC731 /* ThNewsTests.swift in Sources */,
			);
			runOnlyForDeploymentPostprocessing = 0;
		};
		B8C4EB4728A78241007AC731 /* Sources */ = {
			isa = PBXSourcesBuildPhase;
			buildActionMask = 2147483647;
			files = (
				B8C4EB5028A78241007AC731 /* ThNewsUITests.swift in Sources */,
				B8C4EB5228A78241007AC731 /* ThNewsUITestsLaunchTests.swift in Sources */,
			);
			runOnlyForDeploymentPostprocessing = 0;
		};
/* End PBXSourcesBuildPhase section */

/* Begin PBXTargetDependency section */
		B8C4EB4328A78241007AC731 /* PBXTargetDependency */ = {
			isa = PBXTargetDependency;
			target = B8C4EB3028A78240007AC731 /* ThNews */;
			targetProxy = B8C4EB4228A78241007AC731 /* PBXContainerItemProxy */;
		};
		B8C4EB4D28A78241007AC731 /* PBXTargetDependency */ = {
			isa = PBXTargetDependency;
			target = B8C4EB3028A78240007AC731 /* ThNews */;
			targetProxy = B8C4EB4C28A78241007AC731 /* PBXContainerItemProxy */;
		};
/* End PBXTargetDependency section */

/* Begin XCBuildConfiguration section */
		B8C4EB5328A78241007AC731 /* Debug */ = {
			isa = XCBuildConfiguration;
			buildSettings = {
				ALWAYS_SEARCH_USER_PATHS = NO;
				CLANG_ANALYZER_NONNULL = YES;
				CLANG_ANALYZER_NUMBER_OBJECT_CONVERSION = YES_AGGRESSIVE;
				CLANG_CXX_LANGUAGE_STANDARD = "gnu++17";
				CLANG_ENABLE_MODULES = YES;
				CLANG_ENABLE_OBJC_ARC = YES;
				CLANG_ENABLE_OBJC_WEAK = YES;
				CLANG_WARN_BLOCK_CAPTURE_AUTORELEASING = YES;
				CLANG_WARN_BOOL_CONVERSION = YES;
				CLANG_WARN_COMMA = YES;
				CLANG_WARN_CONSTANT_CONVERSION = YES;
				CLANG_WARN_DEPRECATED_OBJC_IMPLEMENTATIONS = YES;
				CLANG_WARN_DIRECT_OBJC_ISA_USAGE = YES_ERROR;
				CLANG_WARN_DOCUMENTATION_COMMENTS = YES;
				CLANG_WARN_EMPTY_BODY = YES;
				CLANG_WARN_ENUM_CONVERSION = YES;
				CLANG_WARN_INFINITE_RECURSION = YES;
				CLANG_WARN_INT_CONVERSION = YES;
				CLANG_WARN_NON_LITERAL_NULL_CONVERSION = YES;
				CLANG_WARN_OBJC_IMPLICIT_RETAIN_SELF = YES;
				CLANG_WARN_OBJC_LITERAL_CONVERSION = YES;
				CLANG_WARN_OBJC_ROOT_CLASS = YES_ERROR;
				CLANG_WARN_QUOTED_INCLUDE_IN_FRAMEWORK_HEADER = YES;
				CLANG_WARN_RANGE_LOOP_ANALYSIS = YES;
				CLANG_WARN_STRICT_PROTOTYPES = YES;
				CLANG_WARN_SUSPICIOUS_MOVE = YES;
				CLANG_WARN_UNGUARDED_AVAILABILITY = YES_AGGRESSIVE;
				CLANG_WARN_UNREACHABLE_CODE = YES;
				CLANG_WARN__DUPLICATE_METHOD_MATCH = YES;
				COPY_PHASE_STRIP = NO;
				DEBUG_INFORMATION_FORMAT = dwarf;
				ENABLE_STRICT_OBJC_MSGSEND = YES;
				ENABLE_TESTABILITY = YES;
				GCC_C_LANGUAGE_STANDARD = gnu11;
				GCC_DYNAMIC_NO_PIC = NO;
				GCC_NO_COMMON_BLOCKS = YES;
				GCC_OPTIMIZATION_LEVEL = 0;
				GCC_PREPROCESSOR_DEFINITIONS = (
					"DEBUG=1",
					"$(inherited)",
				);
				GCC_WARN_64_TO_32_BIT_CONVERSION = YES;
				GCC_WARN_ABOUT_RETURN_TYPE = YES_ERROR;
				GCC_WARN_UNDECLARED_SELECTOR = YES;
				GCC_WARN_UNINITIALIZED_AUTOS = YES_AGGRESSIVE;
				GCC_WARN_UNUSED_FUNCTION = YES;
				GCC_WARN_UNUSED_VARIABLE = YES;
				IPHONEOS_DEPLOYMENT_TARGET = 15.5;
				MTL_ENABLE_DEBUG_INFO = INCLUDE_SOURCE;
				MTL_FAST_MATH = YES;
				ONLY_ACTIVE_ARCH = YES;
				SDKROOT = iphoneos;
				SWIFT_ACTIVE_COMPILATION_CONDITIONS = DEBUG;
				SWIFT_OPTIMIZATION_LEVEL = "-Onone";
			};
			name = Debug;
		};
		B8C4EB5428A78241007AC731 /* Release */ = {
			isa = XCBuildConfiguration;
			buildSettings = {
				ALWAYS_SEARCH_USER_PATHS = NO;
				CLANG_ANALYZER_NONNULL = YES;
				CLANG_ANALYZER_NUMBER_OBJECT_CONVERSION = YES_AGGRESSIVE;
				CLANG_CXX_LANGUAGE_STANDARD = "gnu++17";
				CLANG_ENABLE_MODULES = YES;
				CLANG_ENABLE_OBJC_ARC = YES;
				CLANG_ENABLE_OBJC_WEAK = YES;
				CLANG_WARN_BLOCK_CAPTURE_AUTORELEASING = YES;
				CLANG_WARN_BOOL_CONVERSION = YES;
				CLANG_WARN_COMMA = YES;
				CLANG_WARN_CONSTANT_CONVERSION = YES;
				CLANG_WARN_DEPRECATED_OBJC_IMPLEMENTATIONS = YES;
				CLANG_WARN_DIRECT_OBJC_ISA_USAGE = YES_ERROR;
				CLANG_WARN_DOCUMENTATION_COMMENTS = YES;
				CLANG_WARN_EMPTY_BODY = YES;
				CLANG_WARN_ENUM_CONVERSION = YES;
				CLANG_WARN_INFINITE_RECURSION = YES;
				CLANG_WARN_INT_CONVERSION = YES;
				CLANG_WARN_NON_LITERAL_NULL_CONVERSION = YES;
				CLANG_WARN_OBJC_IMPLICIT_RETAIN_SELF = YES;
				CLANG_WARN_OBJC_LITERAL_CONVERSION = YES;
				CLANG_WARN_OBJC_ROOT_CLASS = YES_ERROR;
				CLANG_WARN_QUOTED_INCLUDE_IN_FRAMEWORK_HEADER = YES;
				CLANG_WARN_RANGE_LOOP_ANALYSIS = YES;
				CLANG_WARN_STRICT_PROTOTYPES = YES;
				CLANG_WARN_SUSPICIOUS_MOVE = YES;
				CLANG_WARN_UNGUARDED_AVAILABILITY = YES_AGGRESSIVE;
				CLANG_WARN_UNREACHABLE_CODE = YES;
				CLANG_WARN__DUPLICATE_METHOD_MATCH = YES;
				COPY_PHASE_STRIP = NO;
				DEBUG_INFORMATION_FORMAT = "dwarf-with-dsym";
				ENABLE_NS_ASSERTIONS = NO;
				ENABLE_STRICT_OBJC_MSGSEND = YES;
				GCC_C_LANGUAGE_STANDARD = gnu11;
				GCC_NO_COMMON_BLOCKS = YES;
				GCC_WARN_64_TO_32_BIT_CONVERSION = YES;
				GCC_WARN_ABOUT_RETURN_TYPE = YES_ERROR;
				GCC_WARN_UNDECLARED_SELECTOR = YES;
				GCC_WARN_UNINITIALIZED_AUTOS = YES_AGGRESSIVE;
				GCC_WARN_UNUSED_FUNCTION = YES;
				GCC_WARN_UNUSED_VARIABLE = YES;
				IPHONEOS_DEPLOYMENT_TARGET = 15.5;
				MTL_ENABLE_DEBUG_INFO = NO;
				MTL_FAST_MATH = YES;
				SDKROOT = iphoneos;
				SWIFT_COMPILATION_MODE = wholemodule;
				SWIFT_OPTIMIZATION_LEVEL = "-O";
				VALIDATE_PRODUCT = YES;
			};
			name = Release;
		};
		B8C4EB5628A78241007AC731 /* Debug */ = {
			isa = XCBuildConfiguration;
			buildSettings = {
				ASSETCATALOG_COMPILER_APPICON_NAME = AppIcon;
				ASSETCATALOG_COMPILER_GLOBAL_ACCENT_COLOR_NAME = AccentColor;
				CODE_SIGN_STYLE = Automatic;
				CURRENT_PROJECT_VERSION = 1;
				DEVELOPMENT_ASSET_PATHS = "";
				DEVELOPMENT_TEAM = TBXF7RJBHZ;
				ENABLE_PREVIEWS = YES;
				GENERATE_INFOPLIST_FILE = YES;
				INFOPLIST_KEY_UIApplicationSceneManifest_Generation = YES;
				INFOPLIST_KEY_UIApplicationSupportsIndirectInputEvents = YES;
				INFOPLIST_KEY_UILaunchScreen_Generation = YES;
				INFOPLIST_KEY_UISupportedInterfaceOrientations_iPad = "UIInterfaceOrientationPortrait UIInterfaceOrientationPortraitUpsideDown UIInterfaceOrientationLandscapeLeft UIInterfaceOrientationLandscapeRight";
				INFOPLIST_KEY_UISupportedInterfaceOrientations_iPhone = "UIInterfaceOrientationPortrait UIInterfaceOrientationLandscapeLeft UIInterfaceOrientationLandscapeRight";
				LD_RUNPATH_SEARCH_PATHS = (
					"$(inherited)",
					"@executable_path/Frameworks",
				);
				MARKETING_VERSION = 1.0;
				PRODUCT_BUNDLE_IDENTIFIER = eser.ThNews;
				PRODUCT_NAME = "$(TARGET_NAME)";
				SWIFT_EMIT_LOC_STRINGS = YES;
				SWIFT_VERSION = 5.0;
				TARGETED_DEVICE_FAMILY = "1,2";
			};
			name = Debug;
		};
		B8C4EB5728A78241007AC731 /* Release */ = {
			isa = XCBuildConfiguration;
			buildSettings = {
				ASSETCATALOG_COMPILER_APPICON_NAME = AppIcon;
				ASSETCATALOG_COMPILER_GLOBAL_ACCENT_COLOR_NAME = AccentColor;
				CODE_SIGN_STYLE = Automatic;
				CURRENT_PROJECT_VERSION = 1;
				DEVELOPMENT_ASSET_PATHS = "";
				DEVELOPMENT_TEAM = TBXF7RJBHZ;
				ENABLE_PREVIEWS = YES;
				GENERATE_INFOPLIST_FILE = YES;
				INFOPLIST_KEY_UIApplicationSceneManifest_Generation = YES;
				INFOPLIST_KEY_UIApplicationSupportsIndirectInputEvents = YES;
				INFOPLIST_KEY_UILaunchScreen_Generation = YES;
				INFOPLIST_KEY_UISupportedInterfaceOrientations_iPad = "UIInterfaceOrientationPortrait UIInterfaceOrientationPortraitUpsideDown UIInterfaceOrientationLandscapeLeft UIInterfaceOrientationLandscapeRight";
				INFOPLIST_KEY_UISupportedInterfaceOrientations_iPhone = "UIInterfaceOrientationPortrait UIInterfaceOrientationLandscapeLeft UIInterfaceOrientationLandscapeRight";
				LD_RUNPATH_SEARCH_PATHS = (
					"$(inherited)",
					"@executable_path/Frameworks",
				);
				MARKETING_VERSION = 1.0;
				PRODUCT_BUNDLE_IDENTIFIER = eser.ThNews;
				PRODUCT_NAME = "$(TARGET_NAME)";
				SWIFT_EMIT_LOC_STRINGS = YES;
				SWIFT_VERSION = 5.0;
				TARGETED_DEVICE_FAMILY = "1,2";
			};
			name = Release;
		};
		B8C4EB5928A78241007AC731 /* Debug */ = {
			isa = XCBuildConfiguration;
			buildSettings = {
				ALWAYS_EMBED_SWIFT_STANDARD_LIBRARIES = YES;
				BUNDLE_LOADER = "$(TEST_HOST)";
				CODE_SIGN_STYLE = Automatic;
				CURRENT_PROJECT_VERSION = 1;
				DEVELOPMENT_TEAM = TBXF7RJBHZ;
				GENERATE_INFOPLIST_FILE = YES;
				IPHONEOS_DEPLOYMENT_TARGET = 15.5;
				MARKETING_VERSION = 1.0;
				PRODUCT_BUNDLE_IDENTIFIER = eser.ThNewsTests;
				PRODUCT_NAME = "$(TARGET_NAME)";
				SWIFT_EMIT_LOC_STRINGS = NO;
				SWIFT_VERSION = 5.0;
				TARGETED_DEVICE_FAMILY = "1,2";
				TEST_HOST = "$(BUILT_PRODUCTS_DIR)/ThNews.app/ThNews";
			};
			name = Debug;
		};
		B8C4EB5A28A78241007AC731 /* Release */ = {
			isa = XCBuildConfiguration;
			buildSettings = {
				ALWAYS_EMBED_SWIFT_STANDARD_LIBRARIES = YES;
				BUNDLE_LOADER = "$(TEST_HOST)";
				CODE_SIGN_STYLE = Automatic;
				CURRENT_PROJECT_VERSION = 1;
				DEVELOPMENT_TEAM = TBXF7RJBHZ;
				GENERATE_INFOPLIST_FILE = YES;
				IPHONEOS_DEPLOYMENT_TARGET = 15.5;
				MARKETING_VERSION = 1.0;
				PRODUCT_BUNDLE_IDENTIFIER = eser.ThNewsTests;
				PRODUCT_NAME = "$(TARGET_NAME)";
				SWIFT_EMIT_LOC_STRINGS = NO;
				SWIFT_VERSION = 5.0;
				TARGETED_DEVICE_FAMILY = "1,2";
				TEST_HOST = "$(BUILT_PRODUCTS_DIR)/ThNews.app/ThNews";
			};
			name = Release;
		};
		B8C4EB5C28A78241007AC731 /* Debug */ = {
			isa = XCBuildConfiguration;
			buildSettings = {
				ALWAYS_EMBED_SWIFT_STANDARD_LIBRARIES = YES;
				CODE_SIGN_STYLE = Automatic;
				CURRENT_PROJECT_VERSION = 1;
				DEVELOPMENT_TEAM = TBXF7RJBHZ;
				GENERATE_INFOPLIST_FILE = YES;
				MARKETING_VERSION = 1.0;
				PRODUCT_BUNDLE_IDENTIFIER = eser.ThNewsUITests;
				PRODUCT_NAME = "$(TARGET_NAME)";
				SWIFT_EMIT_LOC_STRINGS = NO;
				SWIFT_VERSION = 5.0;
				TARGETED_DEVICE_FAMILY = "1,2";
				TEST_TARGET_NAME = ThNews;
			};
			name = Debug;
		};
		B8C4EB5D28A78241007AC731 /* Release */ = {
			isa = XCBuildConfiguration;
			buildSettings = {
				ALWAYS_EMBED_SWIFT_STANDARD_LIBRARIES = YES;
				CODE_SIGN_STYLE = Automatic;
				CURRENT_PROJECT_VERSION = 1;
				DEVELOPMENT_TEAM = TBXF7RJBHZ;
				GENERATE_INFOPLIST_FILE = YES;
				MARKETING_VERSION = 1.0;
				PRODUCT_BUNDLE_IDENTIFIER = eser.ThNewsUITests;
				PRODUCT_NAME = "$(TARGET_NAME)";
				SWIFT_EMIT_LOC_STRINGS = NO;
				SWIFT_VERSION = 5.0;
				TARGETED_DEVICE_FAMILY = "1,2";
				TEST_TARGET_NAME = ThNews;
			};
			name = Release;
		};
/* End XCBuildConfiguration section */

/* Begin XCConfigurationList section */
		B8C4EB2C28A78240007AC731 /* Build configuration list for PBXProject "ThNews" */ = {
			isa = XCConfigurationList;
			buildConfigurations = (
				B8C4EB5328A78241007AC731 /* Debug */,
				B8C4EB5428A78241007AC731 /* Release */,
			);
			defaultConfigurationIsVisible = 0;
			defaultConfigurationName = Release;
		};
		B8C4EB5528A78241007AC731 /* Build configuration list for PBXNativeTarget "ThNews" */ = {
			isa = XCConfigurationList;
			buildConfigurations = (
				B8C4EB5628A78241007AC731 /* Debug */,
				B8C4EB5728A78241007AC731 /* Release */,
			);
			defaultConfigurationIsVisible = 0;
			defaultConfigurationName = Release;
		};
		B8C4EB5828A78241007AC731 /* Build configuration list for PBXNativeTarget "ThNewsTests" */ = {
			isa = XCConfigurationList;
			buildConfigurations = (
				B8C4EB5928A78241007AC731 /* Debug */,
				B8C4EB5A28A78241007AC731 /* Release */,
			);
			defaultConfigurationIsVisible = 0;
			defaultConfigurationName = Release;
		};
		B8C4EB5B28A78241007AC731 /* Build configuration list for PBXNativeTarget "ThNewsUITests" */ = {
			isa = XCConfigurationList;
			buildConfigurations = (
				B8C4EB5C28A78241007AC731 /* Debug */,
				B8C4EB5D28A78241007AC731 /* Release */,
			);
			defaultConfigurationIsVisible = 0;
			defaultConfigurationName = Release;
		};
/* End XCConfigurationList section */

/* Begin XCRemoteSwiftPackageReference section */
		B8C4EB6F28A78391007AC731 /* XCRemoteSwiftPackageReference "Alamofire" */ = {
			isa = XCRemoteSwiftPackageReference;
			repositoryURL = "https://github.com/Alamofire/Alamofire.git";
			requirement = {
				kind = upToNextMajorVersion;
				minimumVersion = 5.0.0;
			};
		};
		B8C4EB8028A7DED4007AC731 /* XCRemoteSwiftPackageReference "SDWebImageSwiftUI" */ = {
			isa = XCRemoteSwiftPackageReference;
			repositoryURL = "https://github.com/SDWebImage/SDWebImageSwiftUI";
			requirement = {
				kind = upToNextMajorVersion;
				minimumVersion = 2.0.0;
			};
		};
/* End XCRemoteSwiftPackageReference section */

/* Begin XCSwiftPackageProductDependency section */
		B8C4EB7028A78391007AC731 /* Alamofire */ = {
			isa = XCSwiftPackageProductDependency;
			package = B8C4EB6F28A78391007AC731 /* XCRemoteSwiftPackageReference "Alamofire" */;
			productName = Alamofire;
		};
		B8C4EB8128A7DED4007AC731 /* SDWebImageSwiftUI */ = {
			isa = XCSwiftPackageProductDependency;
			package = B8C4EB8028A7DED4007AC731 /* XCRemoteSwiftPackageReference "SDWebImageSwiftUI" */;
			productName = SDWebImageSwiftUI;
		};
/* End XCSwiftPackageProductDependency section */
	};
	rootObject = B8C4EB2928A78240007AC731 /* Project object */;
}
